
Microsoft Visual Studio Solution File, Format Version 12.00
# Visual Studio 2012
Project("{FAE04EC0-301F-11D3-BF4B-00C04F79EFBC}") = "IIPU_lab6_console", "IIPU_lab6_console\IIPU_lab6_console.csproj", "{90AC0E56-882E-4D20-8B22-4EBBB9BAC973}"
EndProject
Project("{FAE04EC0-301F-11D3-BF4B-00C04F79EFBC}") = "IIPU_lab6", "IIPU_lab6\IIPU_lab6.csproj", "{8E71DAD6-9683-4976-8D01-97518D2AD1BB}"
EndProject
Global
	GlobalSection(SolutionConfigurationPlatforms) = preSolution
		Debug|Any CPU = Debug|Any CPU
		Release|Any CPU = Release|Any CPU
	EndGlobalSection
	GlobalSection(ProjectConfigurationPlatforms) = postSolution
		{90AC0E56-882E-4D20-8B22-4EBBB9BAC973}.Debug|Any CPU.ActiveCfg = Debug|Any CPU
		{90AC0E56-882E-4D20-8B22-4EBBB9BAC973}.Debug|Any CPU.Build.0 = Debug|Any CPU
		{90AC0E56-882E-4D20-8B22-4EBBB9BAC973}.Release|Any CPU.ActiveCfg = Release|Any CPU
		{90AC0E56-882E-4D20-8B22-4EBBB9BAC973}.Release|Any CPU.Build.0 = Release|Any CPU
		{8E71DAD6-9683-4976-8D01-97518D2AD1BB}.Debug|Any CPU.ActiveCfg = Debug|Any CPU
		{8E71DAD6-9683-4976-8D01-97518D2AD1BB}.Debug|Any CPU.Build.0 = Debug|Any CPU
		{8E71DAD6-9683-4976-8D01-97518D2AD1BB}.Release|Any CPU.ActiveCfg = Release|Any CPU
		{8E71DAD6-9683-4976-8D01-97518D2AD1BB}.Release|Any CPU.Build.0 = Release|Any CPU
	EndGlobalSection
	GlobalSection(SolutionProperties) = preSolution
		HideSolutionNode = FALSE
	EndGlobalSection
EndGlobal
